
Microsoft Visual Studio Solution File, Format Version 12.00
# Visual Studio Version 16
VisualStudioVersion = 16.0.29806.167
MinimumVisualStudioVersion = 10.0.40219.1
Project("{8BC9CEB8-8B4A-11D0-8D11-00A0C91BC942}") = "FFMPEG", "FFMPEG\FFMPEG.vcxproj", "{C8E8B9D5-43EC-472C-8D63-A51016E4F8F1}"
EndProject
Project("{2150E333-8FDC-42A3-9474-1A3956D46DE8}") = "Solution Items", "Solution Items", "{39FD000A-C103-499C-83F6-78BCF2CA2BA9}"
	ProjectSection(SolutionItems) = preProject
		.gitignore = .gitignore
	EndProjectSection
EndProject
Project("{8BC9CEB8-8B4A-11D0-8D11-00A0C91BC942}") = "AudioTest", "AudioTest\AudioTest.vcxproj", "{E1EF3EAD-95BB-481C-9C0F-05FCC8083D6E}"
EndProject
Global
	GlobalSection(SolutionConfigurationPlatforms) = preSolution
		Debug|x64 = Debug|x64
		Debug|x86 = Debug|x86
		Release|x64 = Release|x64
		Release|x86 = Release|x86
	EndGlobalSection
	GlobalSection(ProjectConfigurationPlatforms) = postSolution
		{C8E8B9D5-43EC-472C-8D63-A51016E4F8F1}.Debug|x64.ActiveCfg = Debug|x64
		{C8E8B9D5-43EC-472C-8D63-A51016E4F8F1}.Debug|x64.Build.0 = Debug|x64
		{C8E8B9D5-43EC-472C-8D63-A51016E4F8F1}.Debug|x86.ActiveCfg = Debug|Win32
		{C8E8B9D5-43EC-472C-8D63-A51016E4F8F1}.Debug|x86.Build.0 = Debug|Win32
		{C8E8B9D5-43EC-472C-8D63-A51016E4F8F1}.Release|x64.ActiveCfg = Release|x64
		{C8E8B9D5-43EC-472C-8D63-A51016E4F8F1}.Release|x64.Build.0 = Release|x64
		{C8E8B9D5-43EC-472C-8D63-A51016E4F8F1}.Release|x86.ActiveCfg = Release|Win32
		{C8E8B9D5-43EC-472C-8D63-A51016E4F8F1}.Release|x86.Build.0 = Release|Win32
		{E1EF3EAD-95BB-481C-9C0F-05FCC8083D6E}.Debug|x64.ActiveCfg = Debug|x64
		{E1EF3EAD-95BB-481C-9C0F-05FCC8083D6E}.Debug|x64.Build.0 = Debug|x64
		{E1EF3EAD-95BB-481C-9C0F-05FCC8083D6E}.Debug|x86.ActiveCfg = Debug|Win32
		{E1EF3EAD-95BB-481C-9C0F-05FCC8083D6E}.Debug|x86.Build.0 = Debug|Win32
		{E1EF3EAD-95BB-481C-9C0F-05FCC8083D6E}.Release|x64.ActiveCfg = Release|x64
		{E1EF3EAD-95BB-481C-9C0F-05FCC8083D6E}.Release|x64.Build.0 = Release|x64
		{E1EF3EAD-95BB-481C-9C0F-05FCC8083D6E}.Release|x86.ActiveCfg = Release|Win32
		{E1EF3EAD-95BB-481C-9C0F-05FCC8083D6E}.Release|x86.Build.0 = Release|Win32
	EndGlobalSection
	GlobalSection(SolutionProperties) = preSolution
		HideSolutionNode = FALSE
	EndGlobalSection
	GlobalSection(ExtensibilityGlobals) = postSolution
		SolutionGuid = {B5E4D6BB-B121-4905-8A0A-E764AD0D996B}
	EndGlobalSection
EndGlobal
